{
  "originHash" : "90432a5557a82b87ff5584c64fdeb898964e9ca39aa1d6313d39d825c31adba5",
  "pins" : [
    {
      "identity" : "swift-argument-parser",
      "kind" : "remoteSourceControl",
      "location" : "https://github.com/apple/swift-argument-parser",
      "state" : {
        "revision" : "6a52f3251125d74daf04fcbd5e6f08a75d074382",
        "version" : "1.8.2"
      }
    },
    {
      "identity" : "swiftterm",
      "kind" : "remoteSourceControl",
      "location" : "https://github.com/migueldeicaza/SwiftTerm",
      "state" : {
        "revision" : "c2fe63d1a244e98a4fbadc7b77b93799ceb97389"
      }
    }
  ],
  "version" : 3
}
